
Microsoft Visual Studio Solution File, Format Version 12.00
# Visual Studio Version 17
VisualStudioVersion = 17.12.35707.178
MinimumVisualStudioVersion = 10.0.40219.1
Project("{FAE04EC0-301F-11D3-BF4B-00C04F79EFBC}") = "VisionAICam", "VisionAICam\VisionAICam.csproj", "{DB6E74B6-3BAD-4B83-AF44-9825CCE82EB7}"
EndProject
Project("{FAE04EC0-301F-11D3-BF4B-00C04F79EFBC}") = "ClearEngine.Devices.Camera", "VisionAICam.Devices.Camera\ClearEngine.Devices.Camera.csproj", "{5139E76F-BB30-47E2-8CBA-CD86BEDE0BBD}"
EndProject
Project("{FAE04EC0-301F-11D3-BF4B-00C04F79EFBC}") = "ClearEngine.Model.Inference", "ClearEngine.Inference\ClearEngine.Model.Inference.csproj", "{369011D8-A7EA-4384-8D31-C1D75D407029}"
EndProject
Project("{FAE04EC0-301F-11D3-BF4B-00C04F79EFBC}") = "ClearEngine.Logging", "ClearEngine.Logging\ClearEngine.Logging.csproj", "{6F9A67B5-89C1-4CB5-A091-258E95E27F3E}"
EndProject
Project("{FAE04EC0-301F-11D3-BF4B-00C04F79EFBC}") = "ClearEngine.SessionManagement", "ClearEngine.SessionManagement\ClearEngine.SessionManagement.csproj", "{5DBFE40B-421E-4B3F-8B2E-39A3405DF6FA}"
EndProject
Project("{FAE04EC0-301F-11D3-BF4B-00C04F79EFBC}") = "MVCameraSDK", "MvCameraControlNet\MVCameraSDK\MVCameraSDK.csproj", "{33C1469F-1F68-44D5-B829-D11D1A51462A}"
EndProject
Project("{FAE04EC0-301F-11D3-BF4B-00C04F79EFBC}") = "BasicDemo", "MvCameraControlNet\BasicDemo\BasicDemo.csproj", "{D063BDD8-9149-4D51-B2CF-B2C5A098F5F9}"
EndProject
Project("{FAE04EC0-301F-11D3-BF4B-00C04F79EFBC}") = "BasicDemoWPF", "MvCameraControlNet\BasicDemoWPF\BasicDemoWPF.csproj", "{AA49201A-021B-4CAE-8558-9E61C87376F0}"
EndProject
Global
	GlobalSection(SolutionConfigurationPlatforms) = preSolution
		Debug|Any CPU = Debug|Any CPU
		Debug|x64 = Debug|x64
		Release|Any CPU = Release|Any CPU
		Release|x64 = Release|x64
	EndGlobalSection
	GlobalSection(ProjectConfigurationPlatforms) = postSolution
		{DB6E74B6-3BAD-4B83-AF44-9825CCE82EB7}.Debug|Any CPU.ActiveCfg = Debug|Any CPU
		{DB6E74B6-3BAD-4B83-AF44-9825CCE82EB7}.Debug|Any CPU.Build.0 = Debug|Any CPU
		{DB6E74B6-3BAD-4B83-AF44-9825CCE82EB7}.Debug|x64.ActiveCfg = Debug|Any CPU
		{DB6E74B6-3BAD-4B83-AF44-9825CCE82EB7}.Debug|x64.Build.0 = Debug|Any CPU
		{DB6E74B6-3BAD-4B83-AF44-9825CCE82EB7}.Release|Any CPU.ActiveCfg = Release|Any CPU
		{DB6E74B6-3BAD-4B83-AF44-9825CCE82EB7}.Release|Any CPU.Build.0 = Release|Any CPU
		{DB6E74B6-3BAD-4B83-AF44-9825CCE82EB7}.Release|x64.ActiveCfg = Release|Any CPU
		{DB6E74B6-3BAD-4B83-AF44-9825CCE82EB7}.Release|x64.Build.0 = Release|Any CPU
		{5139E76F-BB30-47E2-8CBA-CD86BEDE0BBD}.Debug|Any CPU.ActiveCfg = Debug|Any CPU
		{5139E76F-BB30-47E2-8CBA-CD86BEDE0BBD}.Debug|Any CPU.Build.0 = Debug|Any CPU
		{5139E76F-BB30-47E2-8CBA-CD86BEDE0BBD}.Debug|x64.ActiveCfg = Debug|Any CPU
		{5139E76F-BB30-47E2-8CBA-CD86BEDE0BBD}.Debug|x64.Build.0 = Debug|Any CPU
		{5139E76F-BB30-47E2-8CBA-CD86BEDE0BBD}.Release|Any CPU.ActiveCfg = Release|Any CPU
		{5139E76F-BB30-47E2-8CBA-CD86BEDE0BBD}.Release|Any CPU.Build.0 = Release|Any CPU
		{5139E76F-BB30-47E2-8CBA-CD86BEDE0BBD}.Release|x64.ActiveCfg = Release|Any CPU
		{5139E76F-BB30-47E2-8CBA-CD86BEDE0BBD}.Release|x64.Build.0 = Release|Any CPU
		{369011D8-A7EA-4384-8D31-C1D75D407029}.Debug|Any CPU.ActiveCfg = Debug|Any CPU
		{369011D8-A7EA-4384-8D31-C1D75D407029}.Debug|Any CPU.Build.0 = Debug|Any CPU
		{369011D8-A7EA-4384-8D31-C1D75D407029}.Debug|x64.ActiveCfg = Debug|Any CPU
		{369011D8-A7EA-4384-8D31-C1D75D407029}.Debug|x64.Build.0 = Debug|Any CPU
		{369011D8-A7EA-4384-8D31-C1D75D407029}.Release|Any CPU.ActiveCfg = Release|Any CPU
		{369011D8-A7EA-4384-8D31-C1D75D407029}.Release|Any CPU.Build.0 = Release|Any CPU
		{369011D8-A7EA-4384-8D31-C1D75D407029}.Release|x64.ActiveCfg = Release|Any CPU
		{369011D8-A7EA-4384-8D31-C1D75D407029}.Release|x64.Build.0 = Release|Any CPU
		{6F9A67B5-89C1-4CB5-A091-258E95E27F3E}.Debug|Any CPU.ActiveCfg = Debug|Any CPU
		{6F9A67B5-89C1-4CB5-A091-258E95E27F3E}.Debug|Any CPU.Build.0 = Debug|Any CPU
		{6F9A67B5-89C1-4CB5-A091-258E95E27F3E}.Debug|x64.ActiveCfg = Debug|Any CPU
		{6F9A67B5-89C1-4CB5-A091-258E95E27F3E}.Debug|x64.Build.0 = Debug|Any CPU
		{6F9A67B5-89C1-4CB5-A091-258E95E27F3E}.Release|Any CPU.ActiveCfg = Release|Any CPU
		{6F9A67B5-89C1-4CB5-A091-258E95E27F3E}.Release|Any CPU.Build.0 = Release|Any CPU
		{6F9A67B5-89C1-4CB5-A091-258E95E27F3E}.Release|x64.ActiveCfg = Release|Any CPU
		{6F9A67B5-89C1-4CB5-A091-258E95E27F3E}.Release|x64.Build.0 = Release|Any CPU
		{5DBFE40B-421E-4B3F-8B2E-39A3405DF6FA}.Debug|Any CPU.ActiveCfg = Debug|Any CPU
		{5DBFE40B-421E-4B3F-8B2E-39A3405DF6FA}.Debug|Any CPU.Build.0 = Debug|Any CPU
		{5DBFE40B-421E-4B3F-8B2E-39A3405DF6FA}.Debug|x64.ActiveCfg = Debug|Any CPU
		{5DBFE40B-421E-4B3F-8B2E-39A3405DF6FA}.Debug|x64.Build.0 = Debug|Any CPU
		{5DBFE40B-421E-4B3F-8B2E-39A3405DF6FA}.Release|Any CPU.ActiveCfg = Release|Any CPU
		{5DBFE40B-421E-4B3F-8B2E-39A3405DF6FA}.Release|Any CPU.Build.0 = Release|Any CPU
		{5DBFE40B-421E-4B3F-8B2E-39A3405DF6FA}.Release|x64.ActiveCfg = Release|Any CPU
		{5DBFE40B-421E-4B3F-8B2E-39A3405DF6FA}.Release|x64.Build.0 = Release|Any CPU
		{33C1469F-1F68-44D5-B829-D11D1A51462A}.Debug|Any CPU.ActiveCfg = Debug|Any CPU
		{33C1469F-1F68-44D5-B829-D11D1A51462A}.Debug|Any CPU.Build.0 = Debug|Any CPU
		{33C1469F-1F68-44D5-B829-D11D1A51462A}.Debug|x64.ActiveCfg = Debug|x64
		{33C1469F-1F68-44D5-B829-D11D1A51462A}.Debug|x64.Build.0 = Debug|x64
		{33C1469F-1F68-44D5-B829-D11D1A51462A}.Release|Any CPU.ActiveCfg = Release|Any CPU
		{33C1469F-1F68-44D5-B829-D11D1A51462A}.Release|Any CPU.Build.0 = Release|Any CPU
		{33C1469F-1F68-44D5-B829-D11D1A51462A}.Release|x64.ActiveCfg = Release|x64
		{33C1469F-1F68-44D5-B829-D11D1A51462A}.Release|x64.Build.0 = Release|x64
		{D063BDD8-9149-4D51-B2CF-B2C5A098F5F9}.Debug|Any CPU.ActiveCfg = Debug|Any CPU
		{D063BDD8-9149-4D51-B2CF-B2C5A098F5F9}.Debug|Any CPU.Build.0 = Debug|Any CPU
		{D063BDD8-9149-4D51-B2CF-B2C5A098F5F9}.Debug|x64.ActiveCfg = Debug|x64
		{D063BDD8-9149-4D51-B2CF-B2C5A098F5F9}.Debug|x64.Build.0 = Debug|x64
		{D063BDD8-9149-4D51-B2CF-B2C5A098F5F9}.Release|Any CPU.ActiveCfg = Release|Any CPU
		{D063BDD8-9149-4D51-B2CF-B2C5A098F5F9}.Release|Any CPU.Build.0 = Release|Any CPU
		{D063BDD8-9149-4D51-B2CF-B2C5A098F5F9}.Release|x64.ActiveCfg = Release|x64
		{D063BDD8-9149-4D51-B2CF-B2C5A098F5F9}.Release|x64.Build.0 = Release|x64
		{AA49201A-021B-4CAE-8558-9E61C87376F0}.Debug|Any CPU.ActiveCfg = Debug|Any CPU
		{AA49201A-021B-4CAE-8558-9E61C87376F0}.Debug|Any CPU.Build.0 = Debug|Any CPU
		{AA49201A-021B-4CAE-8558-9E61C87376F0}.Debug|x64.ActiveCfg = Debug|x64
		{AA49201A-021B-4CAE-8558-9E61C87376F0}.Debug|x64.Build.0 = Debug|x64
		{AA49201A-021B-4CAE-8558-9E61C87376F0}.Release|Any CPU.ActiveCfg = Release|Any CPU
		{AA49201A-021B-4CAE-8558-9E61C87376F0}.Release|Any CPU.Build.0 = Release|Any CPU
		{AA49201A-021B-4CAE-8558-9E61C87376F0}.Release|x64.ActiveCfg = Release|x64
		{AA49201A-021B-4CAE-8558-9E61C87376F0}.Release|x64.Build.0 = Release|x64
	EndGlobalSection
	GlobalSection(SolutionProperties) = preSolution
		HideSolutionNode = FALSE
	EndGlobalSection
	GlobalSection(ExtensibilityGlobals) = postSolution
		SolutionGuid = {588AB7F7-BC0F-4DC5-84DA-26F537373854}
	EndGlobalSection
EndGlobal
